
Microsoft Visual Studio Solution File, Format Version 12.00
# Visual Studio Version 17
VisualStudioVersion = 17.8.34330.188
MinimumVisualStudioVersion = 10.0.40219.1
Project("{FAE04EC0-301F-11D3-BF4B-00C04F79EFBC}") = "RestWithASP-NET8", "RestWithASP-NET8\RestWithASP-NET8.csproj", "{8A7F42EC-90C3-4BAD-ADCE-F0D582F1C366}"
EndProject
Global
	GlobalSection(SolutionConfigurationPlatforms) = preSolution
		Debug|Any CPU = Debug|Any CPU
		Release|Any CPU = Release|Any CPU
	EndGlobalSection
	GlobalSection(ProjectConfigurationPlatforms) = postSolution
		{8A7F42EC-90C3-4BAD-ADCE-F0D582F1C366}.Debug|Any CPU.ActiveCfg = Debug|Any CPU
		{8A7F42EC-90C3-4BAD-ADCE-F0D582F1C366}.Debug|Any CPU.Build.0 = Debug|Any CPU
		{8A7F42EC-90C3-4BAD-ADCE-F0D582F1C366}.Release|Any CPU.ActiveCfg = Release|Any CPU
		{8A7F42EC-90C3-4BAD-ADCE-F0D582F1C366}.Release|Any CPU.Build.0 = Release|Any CPU
	EndGlobalSection
	GlobalSection(SolutionProperties) = preSolution
		HideSolutionNode = FALSE
	EndGlobalSection
	GlobalSection(ExtensibilityGlobals) = postSolution
		SolutionGuid = {F3ECB396-4D72-4A38-A673-FB25E6853F8A}
	EndGlobalSection
EndGlobal
